
Microsoft Visual Studio Solution File, Format Version 12.00
# Visual Studio Version 16
VisualStudioVersion = 16.0.31025.194
MinimumVisualStudioVersion = 10.0.40219.1
Project("{FAE04EC0-301F-11D3-BF4B-00C04F79EFBC}") = "ChatButlerProjectB", "ChatButlerProjectB\ChatButlerProjectB.csproj", "{A06D2753-42BE-4A94-86E7-8F72FA13D19F}"
EndProject
Global
	GlobalSection(SolutionConfigurationPlatforms) = preSolution
		Debug|Any CPU = Debug|Any CPU
		Release|Any CPU = Release|Any CPU
	EndGlobalSection
	GlobalSection(ProjectConfigurationPlatforms) = postSolution
		{A06D2753-42BE-4A94-86E7-8F72FA13D19F}.Debug|Any CPU.ActiveCfg = Debug|Any CPU
		{A06D2753-42BE-4A94-86E7-8F72FA13D19F}.Debug|Any CPU.Build.0 = Debug|Any CPU
		{A06D2753-42BE-4A94-86E7-8F72FA13D19F}.Release|Any CPU.ActiveCfg = Release|Any CPU
		{A06D2753-42BE-4A94-86E7-8F72FA13D19F}.Release|Any CPU.Build.0 = Release|Any CPU
	EndGlobalSection
	GlobalSection(SolutionProperties) = preSolution
		HideSolutionNode = FALSE
	EndGlobalSection
	GlobalSection(ExtensibilityGlobals) = postSolution
		SolutionGuid = {BFCCCAE8-A389-4174-BDD5-EBBB46B88B39}
	EndGlobalSection
EndGlobal
